// !$*UTF8*$!
{
	archiveVersion = 1;
	classes = {
	};
	objectVersion = 48;
	objects = {

/* Begin PBXBuildFile section */
		69A5C69E1F7BC6D400F6C4A5 /* AppDelegate.swift in Sources */ = {isa = PBXBuildFile; fileRef = 69A5C69D1F7BC6D400F6C4A5 /* AppDelegate.swift */; };
		69A5C6A31F7BC6D400F6C4A5 /* Main.storyboard in Resources */ = {isa = PBXBuildFile; fileRef = 69A5C6A11F7BC6D400F6C4A5 /* Main.storyboard */; };
		69A5C6A51F7BC6D400F6C4A5 /* Assets.xcassets in Resources */ = {isa = PBXBuildFile; fileRef = 69A5C6A41F7BC6D400F6C4A5 /* Assets.xcassets */; };
		69A5C6A81F7BC6D400F6C4A5 /* LaunchScreen.storyboard in Resources */ = {isa = PBXBuildFile; fileRef = 69A5C6A61F7BC6D400F6C4A5 /* LaunchScreen.storyboard */; };
		69A5C6B01F7BC72900F6C4A5 /* ListViewController.swift in Sources */ = {isa = PBXBuildFile; fileRef = 69A5C6AF1F7BC72900F6C4A5 /* ListViewController.swift */; };
		69A5C6B21F7BDBA500F6C4A5 /* Database.swift in Sources */ = {isa = PBXBuildFile; fileRef = 69A5C6B11F7BDBA500F6C4A5 /* Database.swift */; };
		69A5C6B41F7CEC1E00F6C4A5 /* Rating.swift in Sources */ = {isa = PBXBuildFile; fileRef = 69A5C6B31F7CEC1E00F6C4A5 /* Rating.swift */; };
		69A5C6B61F7D1DA400F6C4A5 /* ScoreViewController.swift in Sources */ = {isa = PBXBuildFile; fileRef = 69A5C6B51F7D1DA400F6C4A5 /* ScoreViewController.swift */; };
		69A5C6B81F7E33B500F6C4A5 /* PhotoTableViewCell.swift in Sources */ = {isa = PBXBuildFile; fileRef = 69A5C6B71F7E33B500F6C4A5 /* PhotoTableViewCell.swift */; };
		69A5C6BA1F7E4A9300F6C4A5 /* PreviewViewController.swift in Sources */ = {isa = PBXBuildFile; fileRef = 69A5C6B91F7E4A9300F6C4A5 /* PreviewViewController.swift */; };
/* End PBXBuildFile section */

/* Begin PBXFileReference section */
		69A5C69A1F7BC6D400F6C4A5 /* Propho.app */ = {isa = PBXFileReference; explicitFileType = wrapper.application; includeInIndex = 0; path = Propho.app; sourceTree = BUILT_PRODUCTS_DIR; };
		69A5C69D1F7BC6D400F6C4A5 /* AppDelegate.swift */ = {isa = PBXFileReference; lastKnownFileType = sourcecode.swift; path = AppDelegate.swift; sourceTree = "<group>"; };
		69A5C6A21F7BC6D400F6C4A5 /* Base */ = {isa = PBXFileReference; lastKnownFileType = file.storyboard; name = Base; path = Base.lproj/Main.storyboard; sourceTree = "<group>"; };
		69A5C6A41F7BC6D400F6C4A5 /* Assets.xcassets */ = {isa = PBXFileReference; lastKnownFileType = folder.assetcatalog; path = Assets.xcassets; sourceTree = "<group>"; };
		69A5C6A71F7BC6D400F6C4A5 /* Base */ = {isa = PBXFileReference; lastKnownFileType = file.storyboard; name = Base; path = Base.lproj/LaunchScreen.storyboard; sourceTree = "<group>"; };
		69A5C6A91F7BC6D400F6C4A5 /* Info.plist */ = {isa = PBXFileReference; lastKnownFileType = text.plist.xml; path = Info.plist; sourceTree = "<group>"; };
		69A5C6AF1F7BC72900F6C4A5 /* ListViewController.swift */ = {isa = PBXFileReference; lastKnownFileType = sourcecode.swift; path = ListViewController.swift; sourceTree = "<group>"; };
		69A5C6B11F7BDBA500F6C4A5 /* Database.swift */ = {isa = PBXFileReference; lastKnownFileType = sourcecode.swift; path = Database.swift; sourceTree = "<group>"; };
		69A5C6B31F7CEC1E00F6C4A5 /* Rating.swift */ = {isa = PBXFileReference; lastKnownFileType = sourcecode.swift; path = Rating.swift; sourceTree = "<group>"; };
		69A5C6B51F7D1DA400F6C4A5 /* ScoreViewController.swift */ = {isa = PBXFileReference; lastKnownFileType = sourcecode.swift; path = ScoreViewController.swift; sourceTree = "<group>"; };
		69A5C6B71F7E33B500F6C4A5 /* PhotoTableViewCell.swift */ = {isa = PBXFileReference; lastKnownFileType = sourcecode.swift; path = PhotoTableViewCell.swift; sourceTree = "<group>"; };
		69A5C6B91F7E4A9300F6C4A5 /* PreviewViewController.swift */ = {isa = PBXFileReference; lastKnownFileType = sourcecode.swift; path = PreviewViewController.swift; sourceTree = "<group>"; };
/* End PBXFileReference section */

/* Begin PBXFrameworksBuildPhase section */
		69A5C6971F7BC6D400F6C4A5 /* Frameworks */ = {
			isa = PBXFrameworksBuildPhase;
			buildActionMask = 2147483647;
			files = (
			);
			runOnlyForDeploymentPostprocessing = 0;
		};
/* End PBXFrameworksBuildPhase section */

/* Begin PBXGroup section */
		69A5C6911F7BC6D400F6C4A5 = {
			isa = PBXGroup;
			children = (
				69A5C69C1F7BC6D400F6C4A5 /* Propho */,
				69A5C69B1F7BC6D400F6C4A5 /* Products */,
			);
			sourceTree = "<group>";
		};
		69A5C69B1F7BC6D400F6C4A5 /* Products */ = {
			isa = PBXGroup;
			children = (
				69A5C69A1F7BC6D400F6C4A5 /* Propho.app */,
			);
			name = Products;
			sourceTree = "<group>";
		};
		69A5C69C1F7BC6D400F6C4A5 /* Propho */ = {
			isa = PBXGroup;
			children = (
				69A5C69D1F7BC6D400F6C4A5 /* AppDelegate.swift */,
				69A5C6A11F7BC6D400F6C4A5 /* Main.storyboard */,
				69A5C6A41F7BC6D400F6C4A5 /* Assets.xcassets */,
				69A5C6A61F7BC6D400F6C4A5 /* LaunchScreen.storyboard */,
				69A5C6A91F7BC6D400F6C4A5 /* Info.plist */,
				69A5C6AF1F7BC72900F6C4A5 /* ListViewController.swift */,
				69A5C6B11F7BDBA500F6C4A5 /* Database.swift */,
				69A5C6B31F7CEC1E00F6C4A5 /* Rating.swift */,
				69A5C6B51F7D1DA400F6C4A5 /* ScoreViewController.swift */,
				69A5C6B71F7E33B500F6C4A5 /* PhotoTableViewCell.swift */,
				69A5C6B91F7E4A9300F6C4A5 /* PreviewViewController.swift */,
			);
			path = Propho;
			sourceTree = "<group>";
		};
/* End PBXGroup section */

/* Begin PBXNativeTarget section */
		69A5C6991F7BC6D400F6C4A5 /* Propho */ = {
			isa = PBXNativeTarget;
			buildConfigurationList = 69A5C6AC1F7BC6D400F6C4A5 /* Build configuration list for PBXNativeTarget "Propho" */;
			buildPhases = (
				69A5C6961F7BC6D400F6C4A5 /* Sources */,
				69A5C6971F7BC6D400F6C4A5 /* Frameworks */,
				69A5C6981F7BC6D400F6C4A5 /* Resources */,
			);
			buildRules = (
			);
			dependencies = (
			);
			name = Propho;
			productName = Propho;
			productReference = 69A5C69A1F7BC6D400F6C4A5 /* Propho.app */;
			productType = "com.apple.product-type.application";
		};
/* End PBXNativeTarget section */

/* Begin PBXProject section */
		69A5C6921F7BC6D400F6C4A5 /* Project object */ = {
			isa = PBXProject;
			attributes = {
				LastSwiftUpdateCheck = 0900;
				LastUpgradeCheck = 0900;
				ORGANIZATIONNAME = "Sofie Kedvik";
				TargetAttributes = {
					69A5C6991F7BC6D400F6C4A5 = {
						CreatedOnToolsVersion = 9.0;
						ProvisioningStyle = Automatic;
					};
				};
			};
			buildConfigurationList = 69A5C6951F7BC6D400F6C4A5 /* Build configuration list for PBXProject "Propho" */;
			compatibilityVersion = "Xcode 8.0";
			developmentRegion = en;
			hasScannedForEncodings = 0;
			knownRegions = (
				en,
				Base,
			);
			mainGroup = 69A5C6911F7BC6D400F6C4A5;
			productRefGroup = 69A5C69B1F7BC6D400F6C4A5 /* Products */;
			projectDirPath = "";
			projectRoot = "";
			targets = (
				69A5C6991F7BC6D400F6C4A5 /* Propho */,
			);
		};
/* End PBXProject section */

/* Begin PBXResourcesBuildPhase section */
		69A5C6981F7BC6D400F6C4A5 /* Resources */ = {
			isa = PBXResourcesBuildPhase;
			buildActionMask = 2147483647;
			files = (
				69A5C6A81F7BC6D400F6C4A5 /* LaunchScreen.storyboard in Resources */,
				69A5C6A51F7BC6D400F6C4A5 /* Assets.xcassets in Resources */,
				69A5C6A31F7BC6D400F6C4A5 /* Main.storyboard in Resources */,
			);
			runOnlyForDeploymentPostprocessing = 0;
		};
/* End PBXResourcesBuildPhase section */

/* Begin PBXSourcesBuildPhase section */
		69A5C6961F7BC6D400F6C4A5 /* Sources */ = {
			isa = PBXSourcesBuildPhase;
			buildActionMask = 2147483647;
			files = (
				69A5C6B41F7CEC1E00F6C4A5 /* Rating.swift in Sources */,
				69A5C6B21F7BDBA500F6C4A5 /* Database.swift in Sources */,
				69A5C6BA1F7E4A9300F6C4A5 /* PreviewViewController.swift in Sources */,
				69A5C6B81F7E33B500F6C4A5 /* PhotoTableViewCell.swift in Sources */,
				69A5C6B61F7D1DA400F6C4A5 /* ScoreViewController.swift in Sources */,
				69A5C6B01F7BC72900F6C4A5 /* ListViewController.swift in Sources */,
				69A5C69E1F7BC6D400F6C4A5 /* AppDelegate.swift in Sources */,
			);
			runOnlyForDeploymentPostprocessing = 0;
		};
/* End PBXSourcesBuildPhase section */

/* Begin PBXVariantGroup section */
		69A5C6A11F7BC6D400F6C4A5 /* Main.storyboard */ = {
			isa = PBXVariantGroup;
			children = (
				69A5C6A21F7BC6D400F6C4A5 /* Base */,
			);
			name = Main.storyboard;
			sourceTree = "<group>";
		};
		69A5C6A61F7BC6D400F6C4A5 /* LaunchScreen.storyboard */ = {
			isa = PBXVariantGroup;
			children = (
				69A5C6A71F7BC6D400F6C4A5 /* Base */,
			);
			name = LaunchScreen.storyboard;
			sourceTree = "<group>";
		};
/* End PBXVariantGroup section */

/* Begin XCBuildConfiguration section */
		69A5C6AA1F7BC6D400F6C4A5 /* Debug */ = {
			isa = XCBuildConfiguration;
			buildSettings = {
				ALWAYS_SEARCH_USER_PATHS = NO;
				CLANG_ANALYZER_NONNULL = YES;
				CLANG_ANALYZER_NUMBER_OBJECT_CONVERSION = YES_AGGRESSIVE;
				CLANG_CXX_LANGUAGE_STANDARD = "gnu++14";
				CLANG_CXX_LIBRARY = "libc++";
				CLANG_ENABLE_MODULES = YES;
				CLANG_ENABLE_OBJC_ARC = YES;
				CLANG_WARN_BLOCK_CAPTURE_AUTORELEASING = YES;
				CLANG_WARN_BOOL_CONVERSION = YES;
				CLANG_WARN_COMMA = YES;
				CLANG_WARN_CONSTANT_CONVERSION = YES;
				CLANG_WARN_DIRECT_OBJC_ISA_USAGE = YES_ERROR;
				CLANG_WARN_DOCUMENTATION_COMMENTS = YES;
				CLANG_WARN_EMPTY_BODY = YES;
				CLANG_WARN_ENUM_CONVERSION = YES;
				CLANG_WARN_INFINITE_RECURSION = YES;
				CLANG_WARN_INT_CONVERSION = YES;
				CLANG_WARN_NON_LITERAL_NULL_CONVERSION = YES;
				CLANG_WARN_OBJC_LITERAL_CONVERSION = YES;
				CLANG_WARN_OBJC_ROOT_CLASS = YES_ERROR;
				CLANG_WARN_RANGE_LOOP_ANALYSIS = YES;
				CLANG_WARN_STRICT_PROTOTYPES = YES;
				CLANG_WARN_SUSPICIOUS_MOVE = YES;
				CLANG_WARN_UNGUARDED_AVAILABILITY = YES_AGGRESSIVE;
				CLANG_WARN_UNREACHABLE_CODE = YES;
				CLANG_WARN__DUPLICATE_METHOD_MATCH = YES;
				CODE_SIGN_IDENTITY = "iPhone Developer";
				COPY_PHASE_STRIP = NO;
				DEBUG_INFORMATION_FORMAT = dwarf;
				ENABLE_STRICT_OBJC_MSGSEND = YES;
				ENABLE_TESTABILITY = YES;
				GCC_C_LANGUAGE_STANDARD = gnu11;
				GCC_DYNAMIC_NO_PIC = NO;
				GCC_NO_COMMON_BLOCKS = YES;
				GCC_OPTIMIZATION_LEVEL = 0;
				GCC_PREPROCESSOR_DEFINITIONS = (
					"DEBUG=1",
					"$(inherited)",
				);
				GCC_WARN_64_TO_32_BIT_CONVERSION = YES;
				GCC_WARN_ABOUT_RETURN_TYPE = YES_ERROR;
				GCC_WARN_UNDECLARED_SELECTOR = YES;
				GCC_WARN_UNINITIALIZED_AUTOS = YES_AGGRESSIVE;
				GCC_WARN_UNUSED_FUNCTION = YES;
				GCC_WARN_UNUSED_VARIABLE = YES;
				IPHONEOS_DEPLOYMENT_TARGET = 11.0;
				MTL_ENABLE_DEBUG_INFO = YES;
				ONLY_ACTIVE_ARCH = YES;
				SDKROOT = iphoneos;
				SWIFT_ACTIVE_COMPILATION_CONDITIONS = DEBUG;
				SWIFT_OPTIMIZATION_LEVEL = "-Onone";
			};
			name = Debug;
		};
		69A5C6AB1F7BC6D400F6C4A5 /* Release */ = {
			isa = XCBuildConfiguration;
			buildSettings = {
				ALWAYS_SEARCH_USER_PATHS = NO;
				CLANG_ANALYZER_NONNULL = YES;
				CLANG_ANALYZER_NUMBER_OBJECT_CONVERSION = YES_AGGRESSIVE;
				CLANG_CXX_LANGUAGE_STANDARD = "gnu++14";
				CLANG_CXX_LIBRARY = "libc++";
				CLANG_ENABLE_MODULES = YES;
				CLANG_ENABLE_OBJC_ARC = YES;
				CLANG_WARN_BLOCK_CAPTURE_AUTORELEASING = YES;
				CLANG_WARN_BOOL_CONVERSION = YES;
				CLANG_WARN_COMMA = YES;
				CLANG_WARN_CONSTANT_CONVERSION = YES;
				CLANG_WARN_DIRECT_OBJC_ISA_USAGE = YES_ERROR;
				CLANG_WARN_DOCUMENTATION_COMMENTS = YES;
				CLANG_WARN_EMPTY_BODY = YES;
				CLANG_WARN_ENUM_CONVERSION = YES;
				CLANG_WARN_INFINITE_RECURSION = YES;
				CLANG_WARN_INT_CONVERSION = YES;
				CLANG_WARN_NON_LITERAL_NULL_CONVERSION = YES;
				CLANG_WARN_OBJC_LITERAL_CONVERSION = YES;
				CLANG_WARN_OBJC_ROOT_CLASS = YES_ERROR;
				CLANG_WARN_RANGE_LOOP_ANALYSIS = YES;
				CLANG_WARN_STRICT_PROTOTYPES = YES;
				CLANG_WARN_SUSPICIOUS_MOVE = YES;
				CLANG_WARN_UNGUARDED_AVAILABILITY = YES_AGGRESSIVE;
				CLANG_WARN_UNREACHABLE_CODE = YES;
				CLANG_WARN__DUPLICATE_METHOD_MATCH = YES;
				CODE_SIGN_IDENTITY = "iPhone Developer";
				COPY_PHASE_STRIP = NO;
				DEBUG_INFORMATION_FORMAT = "dwarf-with-dsym";
				ENABLE_NS_ASSERTIONS = NO;
				ENABLE_STRICT_OBJC_MSGSEND = YES;
				GCC_C_LANGUAGE_STANDARD = gnu11;
				GCC_NO_COMMON_BLOCKS = YES;
				GCC_WARN_64_TO_32_BIT_CONVERSION = YES;
				GCC_WARN_ABOUT_RETURN_TYPE = YES_ERROR;
				GCC_WARN_UNDECLARED_SELECTOR = YES;
				GCC_WARN_UNINITIALIZED_AUTOS = YES_AGGRESSIVE;
				GCC_WARN_UNUSED_FUNCTION = YES;
				GCC_WARN_UNUSED_VARIABLE = YES;
				IPHONEOS_DEPLOYMENT_TARGET = 11.0;
				MTL_ENABLE_DEBUG_INFO = NO;
				SDKROOT = iphoneos;
				SWIFT_OPTIMIZATION_LEVEL = "-Owholemodule";
				VALIDATE_PRODUCT = YES;
			};
			name = Release;
		};
		69A5C6AD1F7BC6D400F6C4A5 /* Debug */ = {
			isa = XCBuildConfiguration;
			buildSettings = {
				ASSETCATALOG_COMPILER_APPICON_NAME = AppIcon;
				CODE_SIGN_STYLE = Automatic;
				DEVELOPMENT_TEAM = 4WQMUJDK3A;
				INFOPLIST_FILE = Propho/Info.plist;
				LD_RUNPATH_SEARCH_PATHS = "$(inherited) @executable_path/Frameworks";
				PRODUCT_BUNDLE_IDENTIFIER = com.sofiekedvik.Propho;
				PRODUCT_NAME = "$(TARGET_NAME)";
				SWIFT_VERSION = 4.0;
				TARGETED_DEVICE_FAMILY = "1,2";
			};
			name = Debug;
		};
		69A5C6AE1F7BC6D400F6C4A5 /* Release */ = {
			isa = XCBuildConfiguration;
			buildSettings = {
				ASSETCATALOG_COMPILER_APPICON_NAME = AppIcon;
				CODE_SIGN_STYLE = Automatic;
				DEVELOPMENT_TEAM = 4WQMUJDK3A;
				INFOPLIST_FILE = Propho/Info.plist;
				LD_RUNPATH_SEARCH_PATHS = "$(inherited) @executable_path/Frameworks";
				PRODUCT_BUNDLE_IDENTIFIER = com.sofiekedvik.Propho;
				PRODUCT_NAME = "$(TARGET_NAME)";
				SWIFT_VERSION = 4.0;
				TARGETED_DEVICE_FAMILY = "1,2";
			};
			name = Release;
		};
/* End XCBuildConfiguration section */

/* Begin XCConfigurationList section */
		69A5C6951F7BC6D400F6C4A5 /* Build configuration list for PBXProject "Propho" */ = {
			isa = XCConfigurationList;
			buildConfigurations = (
				69A5C6AA1F7BC6D400F6C4A5 /* Debug */,
				69A5C6AB1F7BC6D400F6C4A5 /* Release */,
			);
			defaultConfigurationIsVisible = 0;
			defaultConfigurationName = Release;
		};
		69A5C6AC1F7BC6D400F6C4A5 /* Build configuration list for PBXNativeTarget "Propho" */ = {
			isa = XCConfigurationList;
			buildConfigurations = (
				69A5C6AD1F7BC6D400F6C4A5 /* Debug */,
				69A5C6AE1F7BC6D400F6C4A5 /* Release */,
			);
			defaultConfigurationIsVisible = 0;
			defaultConfigurationName = Release;
		};
/* End XCConfigurationList section */
	};
	rootObject = 69A5C6921F7BC6D400F6C4A5 /* Project object */;
}
